
Microsoft Visual Studio Solution File, Format Version 12.00
# Visual Studio Version 17
VisualStudioVersion = 17.13.35919.96 d17.13
MinimumVisualStudioVersion = 10.0.40219.1
Project("{FAE04EC0-301F-11D3-BF4B-00C04F79EFBC}") = "DemoBackAppWebFormsTest", "DemoBackAppWebFormsTest\DemoBackAppWebFormsTest.csproj", "{A95A4D23-1D30-4F71-AC95-8AB7C745D376}"
EndProject
Global
	GlobalSection(SolutionConfigurationPlatforms) = preSolution
		Debug|Any CPU = Debug|Any CPU
		Release|Any CPU = Release|Any CPU
	EndGlobalSection
	GlobalSection(ProjectConfigurationPlatforms) = postSolution
		{A95A4D23-1D30-4F71-AC95-8AB7C745D376}.Debug|Any CPU.ActiveCfg = Debug|Any CPU
		{A95A4D23-1D30-4F71-AC95-8AB7C745D376}.Debug|Any CPU.Build.0 = Debug|Any CPU
		{A95A4D23-1D30-4F71-AC95-8AB7C745D376}.Release|Any CPU.ActiveCfg = Release|Any CPU
		{A95A4D23-1D30-4F71-AC95-8AB7C745D376}.Release|Any CPU.Build.0 = Release|Any CPU
	EndGlobalSection
	GlobalSection(SolutionProperties) = preSolution
		HideSolutionNode = FALSE
	EndGlobalSection
	GlobalSection(ExtensibilityGlobals) = postSolution
		SolutionGuid = {029FA908-C0F5-44AF-BDE5-D3D1DF9EBC51}
	EndGlobalSection
EndGlobal
